
Microsoft Visual Studio Solution File, Format Version 12.00
# Visual Studio Version 17
VisualStudioVersion = 17.10.34928.147
MinimumVisualStudioVersion = 10.0.40219.1
Project("{9A19103F-16F7-4668-BE54-9A1E7A4F7556}") = "CookSupp", "CookSupp\CookSupp.csproj", "{FBCB48E8-7943-4360-B349-91B5974D44E6}"
	ProjectSection(ProjectDependencies) = postProject
		{6CFBF1E6-E673-4BF2-B377-961D3C314786} = {6CFBF1E6-E673-4BF2-B377-961D3C314786}
		{DEE5D305-C7E7-4DE8-84F7-F58E5A2863AF} = {DEE5D305-C7E7-4DE8-84F7-F58E5A2863AF}
		{FB669E0E-ECFA-44E5-9199-BAB05ACA913C} = {FB669E0E-ECFA-44E5-9199-BAB05ACA913C}
	EndProjectSection
EndProject
Project("{9A19103F-16F7-4668-BE54-9A1E7A4F7556}") = "CookSupp.DataAccess", "CookSupp.DataAccess\CookSupp.DataAccess.csproj", "{FB669E0E-ECFA-44E5-9199-BAB05ACA913C}"
	ProjectSection(ProjectDependencies) = postProject
		{DEE5D305-C7E7-4DE8-84F7-F58E5A2863AF} = {DEE5D305-C7E7-4DE8-84F7-F58E5A2863AF}
	EndProjectSection
EndProject
Project("{9A19103F-16F7-4668-BE54-9A1E7A4F7556}") = "CookSupp.Models", "CookSupp.Models\CookSupp.Models.csproj", "{DEE5D305-C7E7-4DE8-84F7-F58E5A2863AF}"
EndProject
Project("{FAE04EC0-301F-11D3-BF4B-00C04F79EFBC}") = "CookSupp.Utility", "CookSupp.Utility\CookSupp.Utility.csproj", "{6CFBF1E6-E673-4BF2-B377-961D3C314786}"
EndProject
Global
	GlobalSection(SolutionConfigurationPlatforms) = preSolution
		Debug|Any CPU = Debug|Any CPU
		Release|Any CPU = Release|Any CPU
	EndGlobalSection
	GlobalSection(ProjectConfigurationPlatforms) = postSolution
		{FBCB48E8-7943-4360-B349-91B5974D44E6}.Debug|Any CPU.ActiveCfg = Debug|Any CPU
		{FBCB48E8-7943-4360-B349-91B5974D44E6}.Debug|Any CPU.Build.0 = Debug|Any CPU
		{FBCB48E8-7943-4360-B349-91B5974D44E6}.Release|Any CPU.ActiveCfg = Release|Any CPU
		{FBCB48E8-7943-4360-B349-91B5974D44E6}.Release|Any CPU.Build.0 = Release|Any CPU
		{FB669E0E-ECFA-44E5-9199-BAB05ACA913C}.Debug|Any CPU.ActiveCfg = Debug|Any CPU
		{FB669E0E-ECFA-44E5-9199-BAB05ACA913C}.Debug|Any CPU.Build.0 = Debug|Any CPU
		{FB669E0E-ECFA-44E5-9199-BAB05ACA913C}.Release|Any CPU.ActiveCfg = Release|Any CPU
		{FB669E0E-ECFA-44E5-9199-BAB05ACA913C}.Release|Any CPU.Build.0 = Release|Any CPU
		{DEE5D305-C7E7-4DE8-84F7-F58E5A2863AF}.Debug|Any CPU.ActiveCfg = Debug|Any CPU
		{DEE5D305-C7E7-4DE8-84F7-F58E5A2863AF}.Debug|Any CPU.Build.0 = Debug|Any CPU
		{DEE5D305-C7E7-4DE8-84F7-F58E5A2863AF}.Release|Any CPU.ActiveCfg = Release|Any CPU
		{DEE5D305-C7E7-4DE8-84F7-F58E5A2863AF}.Release|Any CPU.Build.0 = Release|Any CPU
		{6CFBF1E6-E673-4BF2-B377-961D3C314786}.Debug|Any CPU.ActiveCfg = Debug|Any CPU
		{6CFBF1E6-E673-4BF2-B377-961D3C314786}.Debug|Any CPU.Build.0 = Debug|Any CPU
		{6CFBF1E6-E673-4BF2-B377-961D3C314786}.Release|Any CPU.ActiveCfg = Release|Any CPU
		{6CFBF1E6-E673-4BF2-B377-961D3C314786}.Release|Any CPU.Build.0 = Release|Any CPU
	EndGlobalSection
	GlobalSection(SolutionProperties) = preSolution
		HideSolutionNode = FALSE
	EndGlobalSection
	GlobalSection(ExtensibilityGlobals) = postSolution
		SolutionGuid = {D58F1875-2AE8-45DF-A725-C34FFB6A3B41}
	EndGlobalSection
EndGlobal
